
Microsoft Visual Studio Solution File, Format Version 11.00
# Visual Studio 2010
Project("{FAE04EC0-301F-11D3-BF4B-00C04F79EFBC}") = "GameAssembly", "GameAssembly.csproj", "{930d7b33-ef85-6621-25c6-a63f46e83806}"
EndProject
Project("{FAE04EC0-301F-11D3-BF4B-00C04F79EFBC}") = "Assembly-CSharp", "Assembly-CSharp.csproj", "{8fc1fbdd-9693-3731-9cfe-deb2cdb74636}"
EndProject
Project("{FAE04EC0-301F-11D3-BF4B-00C04F79EFBC}") = "Tests", "Tests.csproj", "{c226fc73-03b4-e65b-6d5b-8e23c427a44f}"
EndProject
Global
	GlobalSection(SolutionConfigurationPlatforms) = preSolution
		Debug|Any CPU = Debug|Any CPU
	EndGlobalSection
	GlobalSection(ProjectConfigurationPlatforms) = postSolution
		{930d7b33-ef85-6621-25c6-a63f46e83806}.Debug|Any CPU.ActiveCfg = Debug|Any CPU
		{930d7b33-ef85-6621-25c6-a63f46e83806}.Debug|Any CPU.Build.0 = Debug|Any CPU
		{8fc1fbdd-9693-3731-9cfe-deb2cdb74636}.Debug|Any CPU.ActiveCfg = Debug|Any CPU
		{8fc1fbdd-9693-3731-9cfe-deb2cdb74636}.Debug|Any CPU.Build.0 = Debug|Any CPU
		{c226fc73-03b4-e65b-6d5b-8e23c427a44f}.Debug|Any CPU.ActiveCfg = Debug|Any CPU
		{c226fc73-03b4-e65b-6d5b-8e23c427a44f}.Debug|Any CPU.Build.0 = Debug|Any CPU
	EndGlobalSection
	GlobalSection(SolutionProperties) = preSolution
		HideSolutionNode = FALSE
	EndGlobalSection
EndGlobal
